
Microsoft Visual Studio Solution File, Format Version 12.00
# Visual Studio Version 17
VisualStudioVersion = 17.0.31903.59
MinimumVisualStudioVersion = 10.0.40219.1
Project("{FAE04EC0-301F-11D3-BF4B-00C04F79EFBC}") = "TestProject.Gameteq", "TestProject.Gameteq\TestProject.Gameteq.csproj", "{3D18FB49-3E39-4779-8F7C-F6CA27DCFE18}"
EndProject
Project("{FAE04EC0-301F-11D3-BF4B-00C04F79EFBC}") = "TestProject.Gameteq.Common", "TestProject.Gameteq.Common\TestProject.Gameteq.Common.csproj", "{54F10697-7FFF-4E99-9844-DDAEE409C700}"
EndProject
Project("{FAE04EC0-301F-11D3-BF4B-00C04F79EFBC}") = "TestProject.Gameteq.Server", "TestProject.Gameteq.Server\TestProject.Gameteq.Server.csproj", "{0797FE65-C084-4010-AA91-8206D3C618F6}"
EndProject
Global
	GlobalSection(SolutionConfigurationPlatforms) = preSolution
		Debug|Any CPU = Debug|Any CPU
		Release|Any CPU = Release|Any CPU
	EndGlobalSection
	GlobalSection(SolutionProperties) = preSolution
		HideSolutionNode = FALSE
	EndGlobalSection
	GlobalSection(ProjectConfigurationPlatforms) = postSolution
		{3D18FB49-3E39-4779-8F7C-F6CA27DCFE18}.Debug|Any CPU.ActiveCfg = Debug|Any CPU
		{3D18FB49-3E39-4779-8F7C-F6CA27DCFE18}.Debug|Any CPU.Build.0 = Debug|Any CPU
		{3D18FB49-3E39-4779-8F7C-F6CA27DCFE18}.Release|Any CPU.ActiveCfg = Release|Any CPU
		{3D18FB49-3E39-4779-8F7C-F6CA27DCFE18}.Release|Any CPU.Build.0 = Release|Any CPU
		{54F10697-7FFF-4E99-9844-DDAEE409C700}.Debug|Any CPU.ActiveCfg = Debug|Any CPU
		{54F10697-7FFF-4E99-9844-DDAEE409C700}.Debug|Any CPU.Build.0 = Debug|Any CPU
		{54F10697-7FFF-4E99-9844-DDAEE409C700}.Release|Any CPU.ActiveCfg = Release|Any CPU
		{54F10697-7FFF-4E99-9844-DDAEE409C700}.Release|Any CPU.Build.0 = Release|Any CPU
		{0797FE65-C084-4010-AA91-8206D3C618F6}.Debug|Any CPU.ActiveCfg = Debug|Any CPU
		{0797FE65-C084-4010-AA91-8206D3C618F6}.Debug|Any CPU.Build.0 = Debug|Any CPU
		{0797FE65-C084-4010-AA91-8206D3C618F6}.Release|Any CPU.ActiveCfg = Release|Any CPU
		{0797FE65-C084-4010-AA91-8206D3C618F6}.Release|Any CPU.Build.0 = Release|Any CPU
	EndGlobalSection
EndGlobal
